
Microsoft Visual Studio Solution File, Format Version 12.00
# Visual Studio Version 17
VisualStudioVersion = 17.9.34622.214
MinimumVisualStudioVersion = 10.0.40219.1
Project("{9A19103F-16F7-4668-BE54-9A1E7A4F7556}") = "Dashboard-Fullstack.Server", "Dashboard-Fullstack.Server\Dashboard-Fullstack.Server.csproj", "{F02C3843-B479-443A-A90D-6CD87D0AE0FB}"
EndProject
Project("{54A90642-561A-4BB1-A94E-469ADEE60C69}") = "dashboard-fullstack.client", "dashboard-fullstack.client\dashboard-fullstack.client.esproj", "{8970526F-CA9E-4604-B195-7973C4267388}"
EndProject
Global
	GlobalSection(SolutionConfigurationPlatforms) = preSolution
		Debug|Any CPU = Debug|Any CPU
		Release|Any CPU = Release|Any CPU
	EndGlobalSection
	GlobalSection(ProjectConfigurationPlatforms) = postSolution
		{F02C3843-B479-443A-A90D-6CD87D0AE0FB}.Debug|Any CPU.ActiveCfg = Debug|Any CPU
		{F02C3843-B479-443A-A90D-6CD87D0AE0FB}.Debug|Any CPU.Build.0 = Debug|Any CPU
		{F02C3843-B479-443A-A90D-6CD87D0AE0FB}.Release|Any CPU.ActiveCfg = Release|Any CPU
		{F02C3843-B479-443A-A90D-6CD87D0AE0FB}.Release|Any CPU.Build.0 = Release|Any CPU
		{8970526F-CA9E-4604-B195-7973C4267388}.Debug|Any CPU.ActiveCfg = Debug|Any CPU
		{8970526F-CA9E-4604-B195-7973C4267388}.Debug|Any CPU.Build.0 = Debug|Any CPU
		{8970526F-CA9E-4604-B195-7973C4267388}.Debug|Any CPU.Deploy.0 = Debug|Any CPU
		{8970526F-CA9E-4604-B195-7973C4267388}.Release|Any CPU.ActiveCfg = Release|Any CPU
		{8970526F-CA9E-4604-B195-7973C4267388}.Release|Any CPU.Build.0 = Release|Any CPU
		{8970526F-CA9E-4604-B195-7973C4267388}.Release|Any CPU.Deploy.0 = Release|Any CPU
	EndGlobalSection
	GlobalSection(SolutionProperties) = preSolution
		HideSolutionNode = FALSE
	EndGlobalSection
	GlobalSection(ExtensibilityGlobals) = postSolution
		SolutionGuid = {B7480955-0074-430A-A76B-A0E926561DF4}
	EndGlobalSection
EndGlobal
